
Microsoft Visual Studio Solution File, Format Version 12.00
# Visual Studio Version 16
VisualStudioVersion = 16.0.31112.23
MinimumVisualStudioVersion = 10.0.40219.1
Project("{9A19103F-16F7-4668-BE54-9A1E7A4F7556}") = "BlazorAnimation", "BlazorAnimation\BlazorAnimation.csproj", "{A6E89223-4472-468F-9F7B-E198E7B1D598}"
EndProject
Global
	GlobalSection(SolutionConfigurationPlatforms) = preSolution
		Debug|Any CPU = Debug|Any CPU
		Release|Any CPU = Release|Any CPU
	EndGlobalSection
	GlobalSection(ProjectConfigurationPlatforms) = postSolution
		{A6E89223-4472-468F-9F7B-E198E7B1D598}.Debug|Any CPU.ActiveCfg = Debug|Any CPU
		{A6E89223-4472-468F-9F7B-E198E7B1D598}.Debug|Any CPU.Build.0 = Debug|Any CPU
		{A6E89223-4472-468F-9F7B-E198E7B1D598}.Release|Any CPU.ActiveCfg = Release|Any CPU
		{A6E89223-4472-468F-9F7B-E198E7B1D598}.Release|Any CPU.Build.0 = Release|Any CPU
	EndGlobalSection
	GlobalSection(SolutionProperties) = preSolution
		HideSolutionNode = FALSE
	EndGlobalSection
	GlobalSection(ExtensibilityGlobals) = postSolution
		SolutionGuid = {355E7ED6-3873-403C-ABD6-27236E325D01}
	EndGlobalSection
EndGlobal
